// !$*UTF8*$!
{
	archiveVersion = 1;
	classes = {
	};
	objectVersion = 50;
	objects = {

/* Begin PBXBuildFile section */
		0B1DE5B6270B1D9E00B3DB22 /* TimeCollectionViewCell.swift in Sources */ = {isa = PBXBuildFile; fileRef = 0B1DE5B4270B1D9E00B3DB22 /* TimeCollectionViewCell.swift */; };
		0B1DE5B7270B1D9E00B3DB22 /* TimeCollectionViewCell.xib in Resources */ = {isa = PBXBuildFile; fileRef = 0B1DE5B5270B1D9E00B3DB22 /* TimeCollectionViewCell.xib */; };
		0B1DE5B9270B1E8300B3DB22 /* Extension+UICollectionView.swift in Sources */ = {isa = PBXBuildFile; fileRef = 0B1DE5B8270B1E8300B3DB22 /* Extension+UICollectionView.swift */; };
		0B23930127040AE900BA6CCA /* Coordinate.swift in Sources */ = {isa = PBXBuildFile; fileRef = 0B23930027040AE900BA6CCA /* Coordinate.swift */; };
		0B23930627040BAB00BA6CCA /* Extension+Date.swift in Sources */ = {isa = PBXBuildFile; fileRef = 0B23930527040BAB00BA6CCA /* Extension+Date.swift */; };
		0B2393082704103300BA6CCA /* Enum+Week.swift in Sources */ = {isa = PBXBuildFile; fileRef = 0B2393072704103300BA6CCA /* Enum+Week.swift */; };
		0B23930A270410D200BA6CCA /* Enum+FahrenheitOrCelsius.swift in Sources */ = {isa = PBXBuildFile; fileRef = 0B239309270410D200BA6CCA /* Enum+FahrenheitOrCelsius.swift */; };
		0B23930C270411AD00BA6CCA /* UserInfo.swift in Sources */ = {isa = PBXBuildFile; fileRef = 0B23930B270411AD00BA6CCA /* UserInfo.swift */; };
		0B23930E2704130100BA6CCA /* Enum+WeatherList.swift in Sources */ = {isa = PBXBuildFile; fileRef = 0B23930D2704130100BA6CCA /* Enum+WeatherList.swift */; };
		0B2393102704136100BA6CCA /* Enum+CurrentCellType.swift in Sources */ = {isa = PBXBuildFile; fileRef = 0B23930F2704136100BA6CCA /* Enum+CurrentCellType.swift */; };
		0B2393122704141B00BA6CCA /* Extension+Double.swift in Sources */ = {isa = PBXBuildFile; fileRef = 0B2393112704141B00BA6CCA /* Extension+Double.swift */; };
		0B2393172704167300BA6CCA /* DaysTableViewCell.swift in Sources */ = {isa = PBXBuildFile; fileRef = 0B2393152704167300BA6CCA /* DaysTableViewCell.swift */; };
		0B2393182704167300BA6CCA /* DaysTableViewCell.xib in Resources */ = {isa = PBXBuildFile; fileRef = 0B2393162704167300BA6CCA /* DaysTableViewCell.xib */; };
		0B23931B2704169800BA6CCA /* DetailTableViewCell.swift in Sources */ = {isa = PBXBuildFile; fileRef = 0B2393192704169800BA6CCA /* DetailTableViewCell.swift */; };
		0B23931C2704169800BA6CCA /* DetailTableViewCell.xib in Resources */ = {isa = PBXBuildFile; fileRef = 0B23931A2704169800BA6CCA /* DetailTableViewCell.xib */; };
		0B23931F270416BB00BA6CCA /* CurrentWeatherTimesTableViewCell.swift in Sources */ = {isa = PBXBuildFile; fileRef = 0B23931D270416BB00BA6CCA /* CurrentWeatherTimesTableViewCell.swift */; };
		0B239320270416BB00BA6CCA /* CurrentWeatherTimesTableViewCell.xib in Resources */ = {isa = PBXBuildFile; fileRef = 0B23931E270416BB00BA6CCA /* CurrentWeatherTimesTableViewCell.xib */; };
		0B2393222704188D00BA6CCA /* Extension+UITableView.swift in Sources */ = {isa = PBXBuildFile; fileRef = 0B2393212704188D00BA6CCA /* Extension+UITableView.swift */; };
		0B2393242704191B00BA6CCA /* Protocol+ReusableCell.swift in Sources */ = {isa = PBXBuildFile; fileRef = 0B2393232704191B00BA6CCA /* Protocol+ReusableCell.swift */; };
		0B2393262704193A00BA6CCA /* Protocol+NibLoadable.swift in Sources */ = {isa = PBXBuildFile; fileRef = 0B2393252704193A00BA6CCA /* Protocol+NibLoadable.swift */; };
		0B2624602700685A005FD8CC /* AppDelegate.swift in Sources */ = {isa = PBXBuildFile; fileRef = 0B26245F2700685A005FD8CC /* AppDelegate.swift */; };
		0B2624622700685A005FD8CC /* SceneDelegate.swift in Sources */ = {isa = PBXBuildFile; fileRef = 0B2624612700685A005FD8CC /* SceneDelegate.swift */; };
		0B2624672700685A005FD8CC /* Main.storyboard in Resources */ = {isa = PBXBuildFile; fileRef = 0B2624652700685A005FD8CC /* Main.storyboard */; };
		0B2624692700685B005FD8CC /* Assets.xcassets in Resources */ = {isa = PBXBuildFile; fileRef = 0B2624682700685B005FD8CC /* Assets.xcassets */; };
		0B26246C2700685B005FD8CC /* LaunchScreen.storyboard in Resources */ = {isa = PBXBuildFile; fileRef = 0B26246A2700685B005FD8CC /* LaunchScreen.storyboard */; };
		0B26247827006A22005FD8CC /* BaseURL.swift in Sources */ = {isa = PBXBuildFile; fileRef = 0B26247727006A22005FD8CC /* BaseURL.swift */; };
		0B26247A27006C7E005FD8CC /* APIError.swift in Sources */ = {isa = PBXBuildFile; fileRef = 0B26247927006C7E005FD8CC /* APIError.swift */; };
		0B26247C27006CB8005FD8CC /* APIRequest.swift in Sources */ = {isa = PBXBuildFile; fileRef = 0B26247B27006CB8005FD8CC /* APIRequest.swift */; };
		0B26247E27006D2D005FD8CC /* APICenter.swift in Sources */ = {isa = PBXBuildFile; fileRef = 0B26247D27006D2D005FD8CC /* APICenter.swift */; };
		0B74FF26271024C400CDAF86 /* SearchListTableViewCell.swift in Sources */ = {isa = PBXBuildFile; fileRef = 0B74FF24271024C400CDAF86 /* SearchListTableViewCell.swift */; };
		0B74FF27271024C400CDAF86 /* SearchListTableViewCell.xib in Resources */ = {isa = PBXBuildFile; fileRef = 0B74FF25271024C400CDAF86 /* SearchListTableViewCell.xib */; };
		0B7D25EC2702AEE10079A6C9 /* CurrentWeather.storyboard in Resources */ = {isa = PBXBuildFile; fileRef = 0B7D25EB2702AEE10079A6C9 /* CurrentWeather.storyboard */; };
		0B7D25F12702BB410079A6C9 /* CurrentViewController.swift in Sources */ = {isa = PBXBuildFile; fileRef = 0B7D25F02702BB410079A6C9 /* CurrentViewController.swift */; };
		0B7E9CD42701926700F3F0C2 /* APIResponse.swift in Sources */ = {isa = PBXBuildFile; fileRef = 0B7E9CD32701926700F3F0C2 /* APIResponse.swift */; };
		0B7E9CD72701959400F3F0C2 /* Weather.swift in Sources */ = {isa = PBXBuildFile; fileRef = 0B7E9CD62701959400F3F0C2 /* Weather.swift */; };
		0B7E9CD9270196F800F3F0C2 /* FiveDayWeather.swift in Sources */ = {isa = PBXBuildFile; fileRef = 0B7E9CD8270196F800F3F0C2 /* FiveDayWeather.swift */; };
		0B81071B270C28F100390AF8 /* PageViewController.swift in Sources */ = {isa = PBXBuildFile; fileRef = 0B81071A270C28F100390AF8 /* PageViewController.swift */; };
		0B81071D270C2BD500390AF8 /* Extension+Notification.Name.swift in Sources */ = {isa = PBXBuildFile; fileRef = 0B81071C270C2BD500390AF8 /* Extension+Notification.Name.swift */; };
		0B81071F270C2BF900390AF8 /* Protocol+SelectedFahrenheitOrCelsius.swift in Sources */ = {isa = PBXBuildFile; fileRef = 0B81071E270C2BF900390AF8 /* Protocol+SelectedFahrenheitOrCelsius.swift */; };
		0B810721270C2C1B00390AF8 /* NotificationKeys.swift in Sources */ = {isa = PBXBuildFile; fileRef = 0B810720270C2C1B00390AF8 /* NotificationKeys.swift */; };
		0BEA81DC270EC48500276965 /* SearchCity.storyboard in Resources */ = {isa = PBXBuildFile; fileRef = 0BEA81DB270EC48500276965 /* SearchCity.storyboard */; };
		0BEA81DE270EC4EE00276965 /* SearchCityViewController.swift in Sources */ = {isa = PBXBuildFile; fileRef = 0BEA81DD270EC4EE00276965 /* SearchCityViewController.swift */; };
/* End PBXBuildFile section */

/* Begin PBXFileReference section */
		0B1DE5B4270B1D9E00B3DB22 /* TimeCollectionViewCell.swift */ = {isa = PBXFileReference; lastKnownFileType = sourcecode.swift; path = TimeCollectionViewCell.swift; sourceTree = "<group>"; };
		0B1DE5B5270B1D9E00B3DB22 /* TimeCollectionViewCell.xib */ = {isa = PBXFileReference; lastKnownFileType = file.xib; path = TimeCollectionViewCell.xib; sourceTree = "<group>"; };
		0B1DE5B8270B1E8300B3DB22 /* Extension+UICollectionView.swift */ = {isa = PBXFileReference; lastKnownFileType = sourcecode.swift; path = "Extension+UICollectionView.swift"; sourceTree = "<group>"; };
		0B23930027040AE900BA6CCA /* Coordinate.swift */ = {isa = PBXFileReference; lastKnownFileType = sourcecode.swift; path = Coordinate.swift; sourceTree = "<group>"; };
		0B23930527040BAB00BA6CCA /* Extension+Date.swift */ = {isa = PBXFileReference; lastKnownFileType = sourcecode.swift; path = "Extension+Date.swift"; sourceTree = "<group>"; };
		0B2393072704103300BA6CCA /* Enum+Week.swift */ = {isa = PBXFileReference; lastKnownFileType = sourcecode.swift; path = "Enum+Week.swift"; sourceTree = "<group>"; };
		0B239309270410D200BA6CCA /* Enum+FahrenheitOrCelsius.swift */ = {isa = PBXFileReference; lastKnownFileType = sourcecode.swift; path = "Enum+FahrenheitOrCelsius.swift"; sourceTree = "<group>"; };
		0B23930B270411AD00BA6CCA /* UserInfo.swift */ = {isa = PBXFileReference; lastKnownFileType = sourcecode.swift; path = UserInfo.swift; sourceTree = "<group>"; };
		0B23930D2704130100BA6CCA /* Enum+WeatherList.swift */ = {isa = PBXFileReference; lastKnownFileType = sourcecode.swift; path = "Enum+WeatherList.swift"; sourceTree = "<group>"; };
		0B23930F2704136100BA6CCA /* Enum+CurrentCellType.swift */ = {isa = PBXFileReference; lastKnownFileType = sourcecode.swift; path = "Enum+CurrentCellType.swift"; sourceTree = "<group>"; };
		0B2393112704141B00BA6CCA /* Extension+Double.swift */ = {isa = PBXFileReference; lastKnownFileType = sourcecode.swift; path = "Extension+Double.swift"; sourceTree = "<group>"; };
		0B2393152704167300BA6CCA /* DaysTableViewCell.swift */ = {isa = PBXFileReference; lastKnownFileType = sourcecode.swift; path = DaysTableViewCell.swift; sourceTree = "<group>"; };
		0B2393162704167300BA6CCA /* DaysTableViewCell.xib */ = {isa = PBXFileReference; lastKnownFileType = file.xib; path = DaysTableViewCell.xib; sourceTree = "<group>"; };
		0B2393192704169800BA6CCA /* DetailTableViewCell.swift */ = {isa = PBXFileReference; lastKnownFileType = sourcecode.swift; path = DetailTableViewCell.swift; sourceTree = "<group>"; };
		0B23931A2704169800BA6CCA /* DetailTableViewCell.xib */ = {isa = PBXFileReference; lastKnownFileType = file.xib; path = DetailTableViewCell.xib; sourceTree = "<group>"; };
		0B23931D270416BB00BA6CCA /* CurrentWeatherTimesTableViewCell.swift */ = {isa = PBXFileReference; lastKnownFileType = sourcecode.swift; path = CurrentWeatherTimesTableViewCell.swift; sourceTree = "<group>"; };
		0B23931E270416BB00BA6CCA /* CurrentWeatherTimesTableViewCell.xib */ = {isa = PBXFileReference; lastKnownFileType = file.xib; path = CurrentWeatherTimesTableViewCell.xib; sourceTree = "<group>"; };
		0B2393212704188D00BA6CCA /* Extension+UITableView.swift */ = {isa = PBXFileReference; lastKnownFileType = sourcecode.swift; path = "Extension+UITableView.swift"; sourceTree = "<group>"; };
		0B2393232704191B00BA6CCA /* Protocol+ReusableCell.swift */ = {isa = PBXFileReference; lastKnownFileType = sourcecode.swift; path = "Protocol+ReusableCell.swift"; sourceTree = "<group>"; };
		0B2393252704193A00BA6CCA /* Protocol+NibLoadable.swift */ = {isa = PBXFileReference; lastKnownFileType = sourcecode.swift; path = "Protocol+NibLoadable.swift"; sourceTree = "<group>"; };
		0B26245C2700685A005FD8CC /* WeatherApp.app */ = {isa = PBXFileReference; explicitFileType = wrapper.application; includeInIndex = 0; path = WeatherApp.app; sourceTree = BUILT_PRODUCTS_DIR; };
		0B26245F2700685A005FD8CC /* AppDelegate.swift */ = {isa = PBXFileReference; lastKnownFileType = sourcecode.swift; path = AppDelegate.swift; sourceTree = "<group>"; };
		0B2624612700685A005FD8CC /* SceneDelegate.swift */ = {isa = PBXFileReference; lastKnownFileType = sourcecode.swift; path = SceneDelegate.swift; sourceTree = "<group>"; };
		0B2624662700685A005FD8CC /* Base */ = {isa = PBXFileReference; lastKnownFileType = file.storyboard; name = Base; path = Base.lproj/Main.storyboard; sourceTree = "<group>"; };
		0B2624682700685B005FD8CC /* Assets.xcassets */ = {isa = PBXFileReference; lastKnownFileType = folder.assetcatalog; path = Assets.xcassets; sourceTree = "<group>"; };
		0B26246B2700685B005FD8CC /* Base */ = {isa = PBXFileReference; lastKnownFileType = file.storyboard; name = Base; path = Base.lproj/LaunchScreen.storyboard; sourceTree = "<group>"; };
		0B26246D2700685B005FD8CC /* Info.plist */ = {isa = PBXFileReference; lastKnownFileType = text.plist.xml; path = Info.plist; sourceTree = "<group>"; };
		0B26247727006A22005FD8CC /* BaseURL.swift */ = {isa = PBXFileReference; lastKnownFileType = sourcecode.swift; path = BaseURL.swift; sourceTree = "<group>"; };
		0B26247927006C7E005FD8CC /* APIError.swift */ = {isa = PBXFileReference; lastKnownFileType = sourcecode.swift; path = APIError.swift; sourceTree = "<group>"; };
		0B26247B27006CB8005FD8CC /* APIRequest.swift */ = {isa = PBXFileReference; lastKnownFileType = sourcecode.swift; path = APIRequest.swift; sourceTree = "<group>"; };
		0B26247D27006D2D005FD8CC /* APICenter.swift */ = {isa = PBXFileReference; lastKnownFileType = sourcecode.swift; path = APICenter.swift; sourceTree = "<group>"; };
		0B74FF24271024C400CDAF86 /* SearchListTableViewCell.swift */ = {isa = PBXFileReference; lastKnownFileType = sourcecode.swift; path = SearchListTableViewCell.swift; sourceTree = "<group>"; };
		0B74FF25271024C400CDAF86 /* SearchListTableViewCell.xib */ = {isa = PBXFileReference; lastKnownFileType = file.xib; path = SearchListTableViewCell.xib; sourceTree = "<group>"; };
		0B7D25EB2702AEE10079A6C9 /* CurrentWeather.storyboard */ = {isa = PBXFileReference; lastKnownFileType = file.storyboard; path = CurrentWeather.storyboard; sourceTree = "<group>"; };
		0B7D25F02702BB410079A6C9 /* CurrentViewController.swift */ = {isa = PBXFileReference; lastKnownFileType = sourcecode.swift; path = CurrentViewController.swift; sourceTree = "<group>"; };
		0B7E9CD32701926700F3F0C2 /* APIResponse.swift */ = {isa = PBXFileReference; lastKnownFileType = sourcecode.swift; path = APIResponse.swift; sourceTree = "<group>"; };
		0B7E9CD62701959400F3F0C2 /* Weather.swift */ = {isa = PBXFileReference; lastKnownFileType = sourcecode.swift; path = Weather.swift; sourceTree = "<group>"; };
		0B7E9CD8270196F800F3F0C2 /* FiveDayWeather.swift */ = {isa = PBXFileReference; lastKnownFileType = sourcecode.swift; path = FiveDayWeather.swift; sourceTree = "<group>"; };
		0B81071A270C28F100390AF8 /* PageViewController.swift */ = {isa = PBXFileReference; lastKnownFileType = sourcecode.swift; path = PageViewController.swift; sourceTree = "<group>"; };
		0B81071C270C2BD500390AF8 /* Extension+Notification.Name.swift */ = {isa = PBXFileReference; lastKnownFileType = sourcecode.swift; path = "Extension+Notification.Name.swift"; sourceTree = "<group>"; };
		0B81071E270C2BF900390AF8 /* Protocol+SelectedFahrenheitOrCelsius.swift */ = {isa = PBXFileReference; lastKnownFileType = sourcecode.swift; path = "Protocol+SelectedFahrenheitOrCelsius.swift"; sourceTree = "<group>"; };
		0B810720270C2C1B00390AF8 /* NotificationKeys.swift */ = {isa = PBXFileReference; lastKnownFileType = sourcecode.swift; path = NotificationKeys.swift; sourceTree = "<group>"; };
		0BEA81DB270EC48500276965 /* SearchCity.storyboard */ = {isa = PBXFileReference; lastKnownFileType = file.storyboard; path = SearchCity.storyboard; sourceTree = "<group>"; };
		0BEA81DD270EC4EE00276965 /* SearchCityViewController.swift */ = {isa = PBXFileReference; lastKnownFileType = sourcecode.swift; path = SearchCityViewController.swift; sourceTree = "<group>"; };
/* End PBXFileReference section */

/* Begin PBXFrameworksBuildPhase section */
		0B2624592700685A005FD8CC /* Frameworks */ = {
			isa = PBXFrameworksBuildPhase;
			buildActionMask = 2147483647;
			files = (
			);
			runOnlyForDeploymentPostprocessing = 0;
		};
/* End PBXFrameworksBuildPhase section */

/* Begin PBXGroup section */
		0B23930227040B4B00BA6CCA /* Protocol */ = {
			isa = PBXGroup;
			children = (
				0B2393232704191B00BA6CCA /* Protocol+ReusableCell.swift */,
				0B2393252704193A00BA6CCA /* Protocol+NibLoadable.swift */,
				0B81071E270C2BF900390AF8 /* Protocol+SelectedFahrenheitOrCelsius.swift */,
			);
			path = Protocol;
			sourceTree = "<group>";
		};
		0B23930327040B5200BA6CCA /* Enum */ = {
			isa = PBXGroup;
			children = (
				0B2393072704103300BA6CCA /* Enum+Week.swift */,
				0B239309270410D200BA6CCA /* Enum+FahrenheitOrCelsius.swift */,
				0B23930D2704130100BA6CCA /* Enum+WeatherList.swift */,
				0B23930F2704136100BA6CCA /* Enum+CurrentCellType.swift */,
			);
			path = Enum;
			sourceTree = "<group>";
		};
		0B23930427040B6100BA6CCA /* Extension */ = {
			isa = PBXGroup;
			children = (
				0B23930527040BAB00BA6CCA /* Extension+Date.swift */,
				0B2393112704141B00BA6CCA /* Extension+Double.swift */,
				0B2393212704188D00BA6CCA /* Extension+UITableView.swift */,
				0B1DE5B8270B1E8300B3DB22 /* Extension+UICollectionView.swift */,
				0B81071C270C2BD500390AF8 /* Extension+Notification.Name.swift */,
			);
			path = Extension;
			sourceTree = "<group>";
		};
		0B2624532700685A005FD8CC = {
			isa = PBXGroup;
			children = (
				0B26245D2700685A005FD8CC /* Products */,
				0B26245E2700685A005FD8CC /* WeatherApp */,
			);
			sourceTree = "<group>";
		};
		0B26245D2700685A005FD8CC /* Products */ = {
			isa = PBXGroup;
			children = (
				0B26245C2700685A005FD8CC /* WeatherApp.app */,
			);
			name = Products;
			sourceTree = "<group>";
		};
		0B26245E2700685A005FD8CC /* WeatherApp */ = {
			isa = PBXGroup;
			children = (
				0B26246D2700685B005FD8CC /* Info.plist */,
				0B26245F2700685A005FD8CC /* AppDelegate.swift */,
				0B2624612700685A005FD8CC /* SceneDelegate.swift */,
				0B2624682700685B005FD8CC /* Assets.xcassets */,
				0B26247527006974005FD8CC /* Controller */,
				0B7E9CDB270197E000F3F0C2 /* Helper */,
				0B26246A2700685B005FD8CC /* LaunchScreen.storyboard */,
				0B2624652700685A005FD8CC /* Main.storyboard */,
				0B7E9CD52701957400F3F0C2 /* Model */,
				0B262476270069BE005FD8CC /* Networking */,
				0B7E9CDA270197C800F3F0C2 /* View */,
			);
			path = WeatherApp;
			sourceTree = "<group>";
		};
		0B26247527006974005FD8CC /* Controller */ = {
			isa = PBXGroup;
			children = (
				0B7D25ED2702BB020079A6C9 /* CurrentWeather */,
				0B7D25EF2702BB190079A6C9 /* Search */,
				0B7D25EE2702BB140079A6C9 /* Weather */,
			);
			path = Controller;
			sourceTree = "<group>";
		};
		0B262476270069BE005FD8CC /* Networking */ = {
			isa = PBXGroup;
			children = (
				0B26247727006A22005FD8CC /* BaseURL.swift */,
				0B26247927006C7E005FD8CC /* APIError.swift */,
				0B26247B27006CB8005FD8CC /* APIRequest.swift */,
				0B26247D27006D2D005FD8CC /* APICenter.swift */,
				0B7E9CD32701926700F3F0C2 /* APIResponse.swift */,
			);
			path = Networking;
			sourceTree = "<group>";
		};
		0B7D25E82702AE740079A6C9 /* CurrentWeather */ = {
			isa = PBXGroup;
			children = (
				0B7D25EB2702AEE10079A6C9 /* CurrentWeather.storyboard */,
				0B2393152704167300BA6CCA /* DaysTableViewCell.swift */,
				0B2393162704167300BA6CCA /* DaysTableViewCell.xib */,
				0B2393192704169800BA6CCA /* DetailTableViewCell.swift */,
				0B23931A2704169800BA6CCA /* DetailTableViewCell.xib */,
				0B23931D270416BB00BA6CCA /* CurrentWeatherTimesTableViewCell.swift */,
				0B23931E270416BB00BA6CCA /* CurrentWeatherTimesTableViewCell.xib */,
				0B1DE5B4270B1D9E00B3DB22 /* TimeCollectionViewCell.swift */,
				0B1DE5B5270B1D9E00B3DB22 /* TimeCollectionViewCell.xib */,
			);
			path = CurrentWeather;
			sourceTree = "<group>";
		};
		0B7D25E92702AE7D0079A6C9 /* Search */ = {
			isa = PBXGroup;
			children = (
				0BEA81DB270EC48500276965 /* SearchCity.storyboard */,
				0B74FF24271024C400CDAF86 /* SearchListTableViewCell.swift */,
				0B74FF25271024C400CDAF86 /* SearchListTableViewCell.xib */,
			);
			path = Search;
			sourceTree = "<group>";
		};
		0B7D25EA2702AE850079A6C9 /* Weather */ = {
			isa = PBXGroup;
			children = (
			);
			path = Weather;
			sourceTree = "<group>";
		};
		0B7D25ED2702BB020079A6C9 /* CurrentWeather */ = {
			isa = PBXGroup;
			children = (
				0B7D25F02702BB410079A6C9 /* CurrentViewController.swift */,
				0B81071A270C28F100390AF8 /* PageViewController.swift */,
			);
			path = CurrentWeather;
			sourceTree = "<group>";
		};
		0B7D25EE2702BB140079A6C9 /* Weather */ = {
			isa = PBXGroup;
			children = (
			);
			path = Weather;
			sourceTree = "<group>";
		};
		0B7D25EF2702BB190079A6C9 /* Search */ = {
			isa = PBXGroup;
			children = (
				0BEA81DD270EC4EE00276965 /* SearchCityViewController.swift */,
			);
			path = Search;
			sourceTree = "<group>";
		};
		0B7E9CD52701957400F3F0C2 /* Model */ = {
			isa = PBXGroup;
			children = (
				0B7E9CD62701959400F3F0C2 /* Weather.swift */,
				0B7E9CD8270196F800F3F0C2 /* FiveDayWeather.swift */,
				0B23930027040AE900BA6CCA /* Coordinate.swift */,
			);
			path = Model;
			sourceTree = "<group>";
		};
		0B7E9CDA270197C800F3F0C2 /* View */ = {
			isa = PBXGroup;
			children = (
				0B7D25E82702AE740079A6C9 /* CurrentWeather */,
				0B7D25E92702AE7D0079A6C9 /* Search */,
				0B7D25EA2702AE850079A6C9 /* Weather */,
			);
			path = View;
			sourceTree = "<group>";
		};
		0B7E9CDB270197E000F3F0C2 /* Helper */ = {
			isa = PBXGroup;
			children = (
				0B23930427040B6100BA6CCA /* Extension */,
				0B23930327040B5200BA6CCA /* Enum */,
				0B23930227040B4B00BA6CCA /* Protocol */,
				0B23930B270411AD00BA6CCA /* UserInfo.swift */,
				0B810720270C2C1B00390AF8 /* NotificationKeys.swift */,
			);
			path = Helper;
			sourceTree = "<group>";
		};
/* End PBXGroup section */

/* Begin PBXNativeTarget section */
		0B26245B2700685A005FD8CC /* WeatherApp */ = {
			isa = PBXNativeTarget;
			buildConfigurationList = 0B2624702700685B005FD8CC /* Build configuration list for PBXNativeTarget "WeatherApp" */;
			buildPhases = (
				0B2624582700685A005FD8CC /* Sources */,
				0B2624592700685A005FD8CC /* Frameworks */,
				0B26245A2700685A005FD8CC /* Resources */,
			);
			buildRules = (
			);
			dependencies = (
			);
			name = WeatherApp;
			productName = WeatherApp;
			productReference = 0B26245C2700685A005FD8CC /* WeatherApp.app */;
			productType = "com.apple.product-type.application";
		};
/* End PBXNativeTarget section */

/* Begin PBXProject section */
		0B2624542700685A005FD8CC /* Project object */ = {
			isa = PBXProject;
			attributes = {
				LastSwiftUpdateCheck = 1250;
				LastUpgradeCheck = 1250;
				TargetAttributes = {
					0B26245B2700685A005FD8CC = {
						CreatedOnToolsVersion = 12.5.1;
					};
				};
			};
			buildConfigurationList = 0B2624572700685A005FD8CC /* Build configuration list for PBXProject "WeatherApp" */;
			compatibilityVersion = "Xcode 9.3";
			developmentRegion = en;
			hasScannedForEncodings = 0;
			knownRegions = (
				en,
				Base,
			);
			mainGroup = 0B2624532700685A005FD8CC;
			productRefGroup = 0B26245D2700685A005FD8CC /* Products */;
			projectDirPath = "";
			projectRoot = "";
			targets = (
				0B26245B2700685A005FD8CC /* WeatherApp */,
			);
		};
/* End PBXProject section */

/* Begin PBXResourcesBuildPhase section */
		0B26245A2700685A005FD8CC /* Resources */ = {
			isa = PBXResourcesBuildPhase;
			buildActionMask = 2147483647;
			files = (
				0B26246C2700685B005FD8CC /* LaunchScreen.storyboard in Resources */,
				0B1DE5B7270B1D9E00B3DB22 /* TimeCollectionViewCell.xib in Resources */,
				0B239320270416BB00BA6CCA /* CurrentWeatherTimesTableViewCell.xib in Resources */,
				0B2624692700685B005FD8CC /* Assets.xcassets in Resources */,
				0B2624672700685A005FD8CC /* Main.storyboard in Resources */,
				0B74FF27271024C400CDAF86 /* SearchListTableViewCell.xib in Resources */,
				0B7D25EC2702AEE10079A6C9 /* CurrentWeather.storyboard in Resources */,
				0B23931C2704169800BA6CCA /* DetailTableViewCell.xib in Resources */,
				0B2393182704167300BA6CCA /* DaysTableViewCell.xib in Resources */,
				0BEA81DC270EC48500276965 /* SearchCity.storyboard in Resources */,
			);
			runOnlyForDeploymentPostprocessing = 0;
		};
/* End PBXResourcesBuildPhase section */

/* Begin PBXSourcesBuildPhase section */
		0B2624582700685A005FD8CC /* Sources */ = {
			isa = PBXSourcesBuildPhase;
			buildActionMask = 2147483647;
			files = (
				0B2393122704141B00BA6CCA /* Extension+Double.swift in Sources */,
				0B7D25F12702BB410079A6C9 /* CurrentViewController.swift in Sources */,
				0B26247E27006D2D005FD8CC /* APICenter.swift in Sources */,
				0B2624602700685A005FD8CC /* AppDelegate.swift in Sources */,
				0B1DE5B9270B1E8300B3DB22 /* Extension+UICollectionView.swift in Sources */,
				0B1DE5B6270B1D9E00B3DB22 /* TimeCollectionViewCell.swift in Sources */,
				0B810721270C2C1B00390AF8 /* NotificationKeys.swift in Sources */,
				0B81071B270C28F100390AF8 /* PageViewController.swift in Sources */,
				0B26247827006A22005FD8CC /* BaseURL.swift in Sources */,
				0B7E9CD72701959400F3F0C2 /* Weather.swift in Sources */,
				0B2393172704167300BA6CCA /* DaysTableViewCell.swift in Sources */,
				0B2393262704193A00BA6CCA /* Protocol+NibLoadable.swift in Sources */,
				0B23930127040AE900BA6CCA /* Coordinate.swift in Sources */,
				0B74FF26271024C400CDAF86 /* SearchListTableViewCell.swift in Sources */,
				0B23930A270410D200BA6CCA /* Enum+FahrenheitOrCelsius.swift in Sources */,
				0B23931F270416BB00BA6CCA /* CurrentWeatherTimesTableViewCell.swift in Sources */,
				0B2393082704103300BA6CCA /* Enum+Week.swift in Sources */,
				0B26247A27006C7E005FD8CC /* APIError.swift in Sources */,
				0B7E9CD42701926700F3F0C2 /* APIResponse.swift in Sources */,
				0B26247C27006CB8005FD8CC /* APIRequest.swift in Sources */,
				0B23930627040BAB00BA6CCA /* Extension+Date.swift in Sources */,
				0B2393222704188D00BA6CCA /* Extension+UITableView.swift in Sources */,
				0B2393102704136100BA6CCA /* Enum+CurrentCellType.swift in Sources */,
				0B2624622700685A005FD8CC /* SceneDelegate.swift in Sources */,
				0B23930E2704130100BA6CCA /* Enum+WeatherList.swift in Sources */,
				0B2393242704191B00BA6CCA /* Protocol+ReusableCell.swift in Sources */,
				0B23930C270411AD00BA6CCA /* UserInfo.swift in Sources */,
				0B23931B2704169800BA6CCA /* DetailTableViewCell.swift in Sources */,
				0B81071D270C2BD500390AF8 /* Extension+Notification.Name.swift in Sources */,
				0B7E9CD9270196F800F3F0C2 /* FiveDayWeather.swift in Sources */,
				0B81071F270C2BF900390AF8 /* Protocol+SelectedFahrenheitOrCelsius.swift in Sources */,
				0BEA81DE270EC4EE00276965 /* SearchCityViewController.swift in Sources */,
			);
			runOnlyForDeploymentPostprocessing = 0;
		};
/* End PBXSourcesBuildPhase section */

/* Begin PBXVariantGroup section */
		0B2624652700685A005FD8CC /* Main.storyboard */ = {
			isa = PBXVariantGroup;
			children = (
				0B2624662700685A005FD8CC /* Base */,
			);
			name = Main.storyboard;
			sourceTree = "<group>";
		};
		0B26246A2700685B005FD8CC /* LaunchScreen.storyboard */ = {
			isa = PBXVariantGroup;
			children = (
				0B26246B2700685B005FD8CC /* Base */,
			);
			name = LaunchScreen.storyboard;
			sourceTree = "<group>";
		};
/* End PBXVariantGroup section */

/* Begin XCBuildConfiguration section */
		0B26246E2700685B005FD8CC /* Debug */ = {
			isa = XCBuildConfiguration;
			buildSettings = {
				ALWAYS_SEARCH_USER_PATHS = NO;
				CLANG_ANALYZER_NONNULL = YES;
				CLANG_ANALYZER_NUMBER_OBJECT_CONVERSION = YES_AGGRESSIVE;
				CLANG_CXX_LANGUAGE_STANDARD = "gnu++14";
				CLANG_CXX_LIBRARY = "libc++";
				CLANG_ENABLE_MODULES = YES;
				CLANG_ENABLE_OBJC_ARC = YES;
				CLANG_ENABLE_OBJC_WEAK = YES;
				CLANG_WARN_BLOCK_CAPTURE_AUTORELEASING = YES;
				CLANG_WARN_BOOL_CONVERSION = YES;
				CLANG_WARN_COMMA = YES;
				CLANG_WARN_CONSTANT_CONVERSION = YES;
				CLANG_WARN_DEPRECATED_OBJC_IMPLEMENTATIONS = YES;
				CLANG_WARN_DIRECT_OBJC_ISA_USAGE = YES_ERROR;
				CLANG_WARN_DOCUMENTATION_COMMENTS = YES;
				CLANG_WARN_EMPTY_BODY = YES;
				CLANG_WARN_ENUM_CONVERSION = YES;
				CLANG_WARN_INFINITE_RECURSION = YES;
				CLANG_WARN_INT_CONVERSION = YES;
				CLANG_WARN_NON_LITERAL_NULL_CONVERSION = YES;
				CLANG_WARN_OBJC_IMPLICIT_RETAIN_SELF = YES;
				CLANG_WARN_OBJC_LITERAL_CONVERSION = YES;
				CLANG_WARN_OBJC_ROOT_CLASS = YES_ERROR;
				CLANG_WARN_QUOTED_INCLUDE_IN_FRAMEWORK_HEADER = YES;
				CLANG_WARN_RANGE_LOOP_ANALYSIS = YES;
				CLANG_WARN_STRICT_PROTOTYPES = YES;
				CLANG_WARN_SUSPICIOUS_MOVE = YES;
				CLANG_WARN_UNGUARDED_AVAILABILITY = YES_AGGRESSIVE;
				CLANG_WARN_UNREACHABLE_CODE = YES;
				CLANG_WARN__DUPLICATE_METHOD_MATCH = YES;
				COPY_PHASE_STRIP = NO;
				DEBUG_INFORMATION_FORMAT = dwarf;
				ENABLE_STRICT_OBJC_MSGSEND = YES;
				ENABLE_TESTABILITY = YES;
				GCC_C_LANGUAGE_STANDARD = gnu11;
				GCC_DYNAMIC_NO_PIC = NO;
				GCC_NO_COMMON_BLOCKS = YES;
				GCC_OPTIMIZATION_LEVEL = 0;
				GCC_PREPROCESSOR_DEFINITIONS = (
					"DEBUG=1",
					"$(inherited)",
				);
				GCC_WARN_64_TO_32_BIT_CONVERSION = YES;
				GCC_WARN_ABOUT_RETURN_TYPE = YES_ERROR;
				GCC_WARN_UNDECLARED_SELECTOR = YES;
				GCC_WARN_UNINITIALIZED_AUTOS = YES_AGGRESSIVE;
				GCC_WARN_UNUSED_FUNCTION = YES;
				GCC_WARN_UNUSED_VARIABLE = YES;
				IPHONEOS_DEPLOYMENT_TARGET = 14.5;
				MTL_ENABLE_DEBUG_INFO = INCLUDE_SOURCE;
				MTL_FAST_MATH = YES;
				ONLY_ACTIVE_ARCH = YES;
				SDKROOT = iphoneos;
				SWIFT_ACTIVE_COMPILATION_CONDITIONS = DEBUG;
				SWIFT_OPTIMIZATION_LEVEL = "-Onone";
			};
			name = Debug;
		};
		0B26246F2700685B005FD8CC /* Release */ = {
			isa = XCBuildConfiguration;
			buildSettings = {
				ALWAYS_SEARCH_USER_PATHS = NO;
				CLANG_ANALYZER_NONNULL = YES;
				CLANG_ANALYZER_NUMBER_OBJECT_CONVERSION = YES_AGGRESSIVE;
				CLANG_CXX_LANGUAGE_STANDARD = "gnu++14";
				CLANG_CXX_LIBRARY = "libc++";
				CLANG_ENABLE_MODULES = YES;
				CLANG_ENABLE_OBJC_ARC = YES;
				CLANG_ENABLE_OBJC_WEAK = YES;
				CLANG_WARN_BLOCK_CAPTURE_AUTORELEASING = YES;
				CLANG_WARN_BOOL_CONVERSION = YES;
				CLANG_WARN_COMMA = YES;
				CLANG_WARN_CONSTANT_CONVERSION = YES;
				CLANG_WARN_DEPRECATED_OBJC_IMPLEMENTATIONS = YES;
				CLANG_WARN_DIRECT_OBJC_ISA_USAGE = YES_ERROR;
				CLANG_WARN_DOCUMENTATION_COMMENTS = YES;
				CLANG_WARN_EMPTY_BODY = YES;
				CLANG_WARN_ENUM_CONVERSION = YES;
				CLANG_WARN_INFINITE_RECURSION = YES;
				CLANG_WARN_INT_CONVERSION = YES;
				CLANG_WARN_NON_LITERAL_NULL_CONVERSION = YES;
				CLANG_WARN_OBJC_IMPLICIT_RETAIN_SELF = YES;
				CLANG_WARN_OBJC_LITERAL_CONVERSION = YES;
				CLANG_WARN_OBJC_ROOT_CLASS = YES_ERROR;
				CLANG_WARN_QUOTED_INCLUDE_IN_FRAMEWORK_HEADER = YES;
				CLANG_WARN_RANGE_LOOP_ANALYSIS = YES;
				CLANG_WARN_STRICT_PROTOTYPES = YES;
				CLANG_WARN_SUSPICIOUS_MOVE = YES;
				CLANG_WARN_UNGUARDED_AVAILABILITY = YES_AGGRESSIVE;
				CLANG_WARN_UNREACHABLE_CODE = YES;
				CLANG_WARN__DUPLICATE_METHOD_MATCH = YES;
				COPY_PHASE_STRIP = NO;
				DEBUG_INFORMATION_FORMAT = "dwarf-with-dsym";
				ENABLE_NS_ASSERTIONS = NO;
				ENABLE_STRICT_OBJC_MSGSEND = YES;
				GCC_C_LANGUAGE_STANDARD = gnu11;
				GCC_NO_COMMON_BLOCKS = YES;
				GCC_WARN_64_TO_32_BIT_CONVERSION = YES;
				GCC_WARN_ABOUT_RETURN_TYPE = YES_ERROR;
				GCC_WARN_UNDECLARED_SELECTOR = YES;
				GCC_WARN_UNINITIALIZED_AUTOS = YES_AGGRESSIVE;
				GCC_WARN_UNUSED_FUNCTION = YES;
				GCC_WARN_UNUSED_VARIABLE = YES;
				IPHONEOS_DEPLOYMENT_TARGET = 14.5;
				MTL_ENABLE_DEBUG_INFO = NO;
				MTL_FAST_MATH = YES;
				SDKROOT = iphoneos;
				SWIFT_COMPILATION_MODE = wholemodule;
				SWIFT_OPTIMIZATION_LEVEL = "-O";
				VALIDATE_PRODUCT = YES;
			};
			name = Release;
		};
		0B2624712700685B005FD8CC /* Debug */ = {
			isa = XCBuildConfiguration;
			buildSettings = {
				ASSETCATALOG_COMPILER_APPICON_NAME = AppIcon;
				ASSETCATALOG_COMPILER_GLOBAL_ACCENT_COLOR_NAME = AccentColor;
				CODE_SIGN_STYLE = Automatic;
				INFOPLIST_FILE = WeatherApp/Info.plist;
				LD_RUNPATH_SEARCH_PATHS = (
					"$(inherited)",
					"@executable_path/Frameworks",
				);
				PRODUCT_BUNDLE_IDENTIFIER = com.sparta.WeatherApp;
				PRODUCT_NAME = "$(TARGET_NAME)";
				SWIFT_VERSION = 5.0;
				TARGETED_DEVICE_FAMILY = "1,2";
			};
			name = Debug;
		};
		0B2624722700685B005FD8CC /* Release */ = {
			isa = XCBuildConfiguration;
			buildSettings = {
				ASSETCATALOG_COMPILER_APPICON_NAME = AppIcon;
				ASSETCATALOG_COMPILER_GLOBAL_ACCENT_COLOR_NAME = AccentColor;
				CODE_SIGN_STYLE = Automatic;
				INFOPLIST_FILE = WeatherApp/Info.plist;
				LD_RUNPATH_SEARCH_PATHS = (
					"$(inherited)",
					"@executable_path/Frameworks",
				);
				PRODUCT_BUNDLE_IDENTIFIER = com.sparta.WeatherApp;
				PRODUCT_NAME = "$(TARGET_NAME)";
				SWIFT_VERSION = 5.0;
				TARGETED_DEVICE_FAMILY = "1,2";
			};
			name = Release;
		};
/* End XCBuildConfiguration section */

/* Begin XCConfigurationList section */
		0B2624572700685A005FD8CC /* Build configuration list for PBXProject "WeatherApp" */ = {
			isa = XCConfigurationList;
			buildConfigurations = (
				0B26246E2700685B005FD8CC /* Debug */,
				0B26246F2700685B005FD8CC /* Release */,
			);
			defaultConfigurationIsVisible = 0;
			defaultConfigurationName = Release;
		};
		0B2624702700685B005FD8CC /* Build configuration list for PBXNativeTarget "WeatherApp" */ = {
			isa = XCConfigurationList;
			buildConfigurations = (
				0B2624712700685B005FD8CC /* Debug */,
				0B2624722700685B005FD8CC /* Release */,
			);
			defaultConfigurationIsVisible = 0;
			defaultConfigurationName = Release;
		};
/* End XCConfigurationList section */
	};
	rootObject = 0B2624542700685A005FD8CC /* Project object */;
}
