// !$*UTF8*$!
{
	archiveVersion = 1;
	classes = {
	};
	objectVersion = 50;
	objects = {

/* Begin PBXBuildFile section */
		0B35920C26215B8E009B8F36 /* AppDelegate.swift in Sources */ = {isa = PBXBuildFile; fileRef = 0B35920B26215B8E009B8F36 /* AppDelegate.swift */; };
		0B35920E26215B8E009B8F36 /* SceneDelegate.swift in Sources */ = {isa = PBXBuildFile; fileRef = 0B35920D26215B8E009B8F36 /* SceneDelegate.swift */; };
		0B35921026215B8E009B8F36 /* ViewController.swift in Sources */ = {isa = PBXBuildFile; fileRef = 0B35920F26215B8E009B8F36 /* ViewController.swift */; };
		0B35921326215B8E009B8F36 /* Main.storyboard in Resources */ = {isa = PBXBuildFile; fileRef = 0B35921126215B8E009B8F36 /* Main.storyboard */; };
		0B35921626215B8E009B8F36 /* ActiveMenu.xcdatamodeld in Sources */ = {isa = PBXBuildFile; fileRef = 0B35921426215B8E009B8F36 /* ActiveMenu.xcdatamodeld */; };
		0B35921826215B8F009B8F36 /* Assets.xcassets in Resources */ = {isa = PBXBuildFile; fileRef = 0B35921726215B8F009B8F36 /* Assets.xcassets */; };
		0B35921B26215B8F009B8F36 /* LaunchScreen.storyboard in Resources */ = {isa = PBXBuildFile; fileRef = 0B35921926215B8F009B8F36 /* LaunchScreen.storyboard */; };
		0BE23EB82622ADBE003E2101 /* MenuViewController.swift in Sources */ = {isa = PBXBuildFile; fileRef = 0BE23EB72622ADBE003E2101 /* MenuViewController.swift */; };
		0BE23EBB2622BF55003E2101 /* TransitionManager.swift in Sources */ = {isa = PBXBuildFile; fileRef = 0BE23EBA2622BF55003E2101 /* TransitionManager.swift */; };
/* End PBXBuildFile section */

/* Begin PBXFileReference section */
		0B35920826215B8E009B8F36 /* ActiveMenu.app */ = {isa = PBXFileReference; explicitFileType = wrapper.application; includeInIndex = 0; path = ActiveMenu.app; sourceTree = BUILT_PRODUCTS_DIR; };
		0B35920B26215B8E009B8F36 /* AppDelegate.swift */ = {isa = PBXFileReference; lastKnownFileType = sourcecode.swift; path = AppDelegate.swift; sourceTree = "<group>"; };
		0B35920D26215B8E009B8F36 /* SceneDelegate.swift */ = {isa = PBXFileReference; lastKnownFileType = sourcecode.swift; path = SceneDelegate.swift; sourceTree = "<group>"; };
		0B35920F26215B8E009B8F36 /* ViewController.swift */ = {isa = PBXFileReference; lastKnownFileType = sourcecode.swift; path = ViewController.swift; sourceTree = "<group>"; };
		0B35921226215B8E009B8F36 /* Base */ = {isa = PBXFileReference; lastKnownFileType = file.storyboard; name = Base; path = Base.lproj/Main.storyboard; sourceTree = "<group>"; };
		0B35921526215B8E009B8F36 /* ActiveMenu.xcdatamodel */ = {isa = PBXFileReference; lastKnownFileType = wrapper.xcdatamodel; path = ActiveMenu.xcdatamodel; sourceTree = "<group>"; };
		0B35921726215B8F009B8F36 /* Assets.xcassets */ = {isa = PBXFileReference; lastKnownFileType = folder.assetcatalog; path = Assets.xcassets; sourceTree = "<group>"; };
		0B35921A26215B8F009B8F36 /* Base */ = {isa = PBXFileReference; lastKnownFileType = file.storyboard; name = Base; path = Base.lproj/LaunchScreen.storyboard; sourceTree = "<group>"; };
		0B35921C26215B8F009B8F36 /* Info.plist */ = {isa = PBXFileReference; lastKnownFileType = text.plist.xml; path = Info.plist; sourceTree = "<group>"; };
		0BE23EB72622ADBE003E2101 /* MenuViewController.swift */ = {isa = PBXFileReference; lastKnownFileType = sourcecode.swift; path = MenuViewController.swift; sourceTree = "<group>"; };
		0BE23EBA2622BF55003E2101 /* TransitionManager.swift */ = {isa = PBXFileReference; lastKnownFileType = sourcecode.swift; path = TransitionManager.swift; sourceTree = "<group>"; };
/* End PBXFileReference section */

/* Begin PBXFrameworksBuildPhase section */
		0B35920526215B8E009B8F36 /* Frameworks */ = {
			isa = PBXFrameworksBuildPhase;
			buildActionMask = 2147483647;
			files = (
			);
			runOnlyForDeploymentPostprocessing = 0;
		};
/* End PBXFrameworksBuildPhase section */

/* Begin PBXGroup section */
		0B3591FF26215B8E009B8F36 = {
			isa = PBXGroup;
			children = (
				0B35920A26215B8E009B8F36 /* ActiveMenu */,
				0B35920926215B8E009B8F36 /* Products */,
			);
			sourceTree = "<group>";
		};
		0B35920926215B8E009B8F36 /* Products */ = {
			isa = PBXGroup;
			children = (
				0B35920826215B8E009B8F36 /* ActiveMenu.app */,
			);
			name = Products;
			sourceTree = "<group>";
		};
		0B35920A26215B8E009B8F36 /* ActiveMenu */ = {
			isa = PBXGroup;
			children = (
				0B35920B26215B8E009B8F36 /* AppDelegate.swift */,
				0B35920D26215B8E009B8F36 /* SceneDelegate.swift */,
				0B35920F26215B8E009B8F36 /* ViewController.swift */,
				0B35921126215B8E009B8F36 /* Main.storyboard */,
				0B35921726215B8F009B8F36 /* Assets.xcassets */,
				0B35921926215B8F009B8F36 /* LaunchScreen.storyboard */,
				0B35921C26215B8F009B8F36 /* Info.plist */,
				0B35921426215B8E009B8F36 /* ActiveMenu.xcdatamodeld */,
				0BE23EB72622ADBE003E2101 /* MenuViewController.swift */,
				0BE23EBA2622BF55003E2101 /* TransitionManager.swift */,
			);
			path = ActiveMenu;
			sourceTree = "<group>";
		};
/* End PBXGroup section */

/* Begin PBXNativeTarget section */
		0B35920726215B8E009B8F36 /* ActiveMenu */ = {
			isa = PBXNativeTarget;
			buildConfigurationList = 0B35921F26215B8F009B8F36 /* Build configuration list for PBXNativeTarget "ActiveMenu" */;
			buildPhases = (
				0B35920426215B8E009B8F36 /* Sources */,
				0B35920526215B8E009B8F36 /* Frameworks */,
				0B35920626215B8E009B8F36 /* Resources */,
			);
			buildRules = (
			);
			dependencies = (
			);
			name = ActiveMenu;
			productName = ActiveMenu;
			productReference = 0B35920826215B8E009B8F36 /* ActiveMenu.app */;
			productType = "com.apple.product-type.application";
		};
/* End PBXNativeTarget section */

/* Begin PBXProject section */
		0B35920026215B8E009B8F36 /* Project object */ = {
			isa = PBXProject;
			attributes = {
				LastSwiftUpdateCheck = 1240;
				LastUpgradeCheck = 1240;
				TargetAttributes = {
					0B35920726215B8E009B8F36 = {
						CreatedOnToolsVersion = 12.4;
					};
				};
			};
			buildConfigurationList = 0B35920326215B8E009B8F36 /* Build configuration list for PBXProject "ActiveMenu" */;
			compatibilityVersion = "Xcode 9.3";
			developmentRegion = en;
			hasScannedForEncodings = 0;
			knownRegions = (
				en,
				Base,
			);
			mainGroup = 0B3591FF26215B8E009B8F36;
			productRefGroup = 0B35920926215B8E009B8F36 /* Products */;
			projectDirPath = "";
			projectRoot = "";
			targets = (
				0B35920726215B8E009B8F36 /* ActiveMenu */,
			);
		};
/* End PBXProject section */

/* Begin PBXResourcesBuildPhase section */
		0B35920626215B8E009B8F36 /* Resources */ = {
			isa = PBXResourcesBuildPhase;
			buildActionMask = 2147483647;
			files = (
				0B35921B26215B8F009B8F36 /* LaunchScreen.storyboard in Resources */,
				0B35921826215B8F009B8F36 /* Assets.xcassets in Resources */,
				0B35921326215B8E009B8F36 /* Main.storyboard in Resources */,
			);
			runOnlyForDeploymentPostprocessing = 0;
		};
/* End PBXResourcesBuildPhase section */

/* Begin PBXSourcesBuildPhase section */
		0B35920426215B8E009B8F36 /* Sources */ = {
			isa = PBXSourcesBuildPhase;
			buildActionMask = 2147483647;
			files = (
				0BE23EBB2622BF55003E2101 /* TransitionManager.swift in Sources */,
				0B35921626215B8E009B8F36 /* ActiveMenu.xcdatamodeld in Sources */,
				0BE23EB82622ADBE003E2101 /* MenuViewController.swift in Sources */,
				0B35921026215B8E009B8F36 /* ViewController.swift in Sources */,
				0B35920C26215B8E009B8F36 /* AppDelegate.swift in Sources */,
				0B35920E26215B8E009B8F36 /* SceneDelegate.swift in Sources */,
			);
			runOnlyForDeploymentPostprocessing = 0;
		};
/* End PBXSourcesBuildPhase section */

/* Begin PBXVariantGroup section */
		0B35921126215B8E009B8F36 /* Main.storyboard */ = {
			isa = PBXVariantGroup;
			children = (
				0B35921226215B8E009B8F36 /* Base */,
			);
			name = Main.storyboard;
			sourceTree = "<group>";
		};
		0B35921926215B8F009B8F36 /* LaunchScreen.storyboard */ = {
			isa = PBXVariantGroup;
			children = (
				0B35921A26215B8F009B8F36 /* Base */,
			);
			name = LaunchScreen.storyboard;
			sourceTree = "<group>";
		};
/* End PBXVariantGroup section */

/* Begin XCBuildConfiguration section */
		0B35921D26215B8F009B8F36 /* Debug */ = {
			isa = XCBuildConfiguration;
			buildSettings = {
				ALWAYS_SEARCH_USER_PATHS = NO;
				CLANG_ANALYZER_NONNULL = YES;
				CLANG_ANALYZER_NUMBER_OBJECT_CONVERSION = YES_AGGRESSIVE;
				CLANG_CXX_LANGUAGE_STANDARD = "gnu++14";
				CLANG_CXX_LIBRARY = "libc++";
				CLANG_ENABLE_MODULES = YES;
				CLANG_ENABLE_OBJC_ARC = YES;
				CLANG_ENABLE_OBJC_WEAK = YES;
				CLANG_WARN_BLOCK_CAPTURE_AUTORELEASING = YES;
				CLANG_WARN_BOOL_CONVERSION = YES;
				CLANG_WARN_COMMA = YES;
				CLANG_WARN_CONSTANT_CONVERSION = YES;
				CLANG_WARN_DEPRECATED_OBJC_IMPLEMENTATIONS = YES;
				CLANG_WARN_DIRECT_OBJC_ISA_USAGE = YES_ERROR;
				CLANG_WARN_DOCUMENTATION_COMMENTS = YES;
				CLANG_WARN_EMPTY_BODY = YES;
				CLANG_WARN_ENUM_CONVERSION = YES;
				CLANG_WARN_INFINITE_RECURSION = YES;
				CLANG_WARN_INT_CONVERSION = YES;
				CLANG_WARN_NON_LITERAL_NULL_CONVERSION = YES;
				CLANG_WARN_OBJC_IMPLICIT_RETAIN_SELF = YES;
				CLANG_WARN_OBJC_LITERAL_CONVERSION = YES;
				CLANG_WARN_OBJC_ROOT_CLASS = YES_ERROR;
				CLANG_WARN_QUOTED_INCLUDE_IN_FRAMEWORK_HEADER = YES;
				CLANG_WARN_RANGE_LOOP_ANALYSIS = YES;
				CLANG_WARN_STRICT_PROTOTYPES = YES;
				CLANG_WARN_SUSPICIOUS_MOVE = YES;
				CLANG_WARN_UNGUARDED_AVAILABILITY = YES_AGGRESSIVE;
				CLANG_WARN_UNREACHABLE_CODE = YES;
				CLANG_WARN__DUPLICATE_METHOD_MATCH = YES;
				COPY_PHASE_STRIP = NO;
				DEBUG_INFORMATION_FORMAT = dwarf;
				ENABLE_STRICT_OBJC_MSGSEND = YES;
				ENABLE_TESTABILITY = YES;
				GCC_C_LANGUAGE_STANDARD = gnu11;
				GCC_DYNAMIC_NO_PIC = NO;
				GCC_NO_COMMON_BLOCKS = YES;
				GCC_OPTIMIZATION_LEVEL = 0;
				GCC_PREPROCESSOR_DEFINITIONS = (
					"DEBUG=1",
					"$(inherited)",
				);
				GCC_WARN_64_TO_32_BIT_CONVERSION = YES;
				GCC_WARN_ABOUT_RETURN_TYPE = YES_ERROR;
				GCC_WARN_UNDECLARED_SELECTOR = YES;
				GCC_WARN_UNINITIALIZED_AUTOS = YES_AGGRESSIVE;
				GCC_WARN_UNUSED_FUNCTION = YES;
				GCC_WARN_UNUSED_VARIABLE = YES;
				IPHONEOS_DEPLOYMENT_TARGET = 14.4;
				MTL_ENABLE_DEBUG_INFO = INCLUDE_SOURCE;
				MTL_FAST_MATH = YES;
				ONLY_ACTIVE_ARCH = YES;
				SDKROOT = iphoneos;
				SWIFT_ACTIVE_COMPILATION_CONDITIONS = DEBUG;
				SWIFT_OPTIMIZATION_LEVEL = "-Onone";
			};
			name = Debug;
		};
		0B35921E26215B8F009B8F36 /* Release */ = {
			isa = XCBuildConfiguration;
			buildSettings = {
				ALWAYS_SEARCH_USER_PATHS = NO;
				CLANG_ANALYZER_NONNULL = YES;
				CLANG_ANALYZER_NUMBER_OBJECT_CONVERSION = YES_AGGRESSIVE;
				CLANG_CXX_LANGUAGE_STANDARD = "gnu++14";
				CLANG_CXX_LIBRARY = "libc++";
				CLANG_ENABLE_MODULES = YES;
				CLANG_ENABLE_OBJC_ARC = YES;
				CLANG_ENABLE_OBJC_WEAK = YES;
				CLANG_WARN_BLOCK_CAPTURE_AUTORELEASING = YES;
				CLANG_WARN_BOOL_CONVERSION = YES;
				CLANG_WARN_COMMA = YES;
				CLANG_WARN_CONSTANT_CONVERSION = YES;
				CLANG_WARN_DEPRECATED_OBJC_IMPLEMENTATIONS = YES;
				CLANG_WARN_DIRECT_OBJC_ISA_USAGE = YES_ERROR;
				CLANG_WARN_DOCUMENTATION_COMMENTS = YES;
				CLANG_WARN_EMPTY_BODY = YES;
				CLANG_WARN_ENUM_CONVERSION = YES;
				CLANG_WARN_INFINITE_RECURSION = YES;
				CLANG_WARN_INT_CONVERSION = YES;
				CLANG_WARN_NON_LITERAL_NULL_CONVERSION = YES;
				CLANG_WARN_OBJC_IMPLICIT_RETAIN_SELF = YES;
				CLANG_WARN_OBJC_LITERAL_CONVERSION = YES;
				CLANG_WARN_OBJC_ROOT_CLASS = YES_ERROR;
				CLANG_WARN_QUOTED_INCLUDE_IN_FRAMEWORK_HEADER = YES;
				CLANG_WARN_RANGE_LOOP_ANALYSIS = YES;
				CLANG_WARN_STRICT_PROTOTYPES = YES;
				CLANG_WARN_SUSPICIOUS_MOVE = YES;
				CLANG_WARN_UNGUARDED_AVAILABILITY = YES_AGGRESSIVE;
				CLANG_WARN_UNREACHABLE_CODE = YES;
				CLANG_WARN__DUPLICATE_METHOD_MATCH = YES;
				COPY_PHASE_STRIP = NO;
				DEBUG_INFORMATION_FORMAT = "dwarf-with-dsym";
				ENABLE_NS_ASSERTIONS = NO;
				ENABLE_STRICT_OBJC_MSGSEND = YES;
				GCC_C_LANGUAGE_STANDARD = gnu11;
				GCC_NO_COMMON_BLOCKS = YES;
				GCC_WARN_64_TO_32_BIT_CONVERSION = YES;
				GCC_WARN_ABOUT_RETURN_TYPE = YES_ERROR;
				GCC_WARN_UNDECLARED_SELECTOR = YES;
				GCC_WARN_UNINITIALIZED_AUTOS = YES_AGGRESSIVE;
				GCC_WARN_UNUSED_FUNCTION = YES;
				GCC_WARN_UNUSED_VARIABLE = YES;
				IPHONEOS_DEPLOYMENT_TARGET = 14.4;
				MTL_ENABLE_DEBUG_INFO = NO;
				MTL_FAST_MATH = YES;
				SDKROOT = iphoneos;
				SWIFT_COMPILATION_MODE = wholemodule;
				SWIFT_OPTIMIZATION_LEVEL = "-O";
				VALIDATE_PRODUCT = YES;
			};
			name = Release;
		};
		0B35922026215B8F009B8F36 /* Debug */ = {
			isa = XCBuildConfiguration;
			buildSettings = {
				ASSETCATALOG_COMPILER_APPICON_NAME = AppIcon;
				ASSETCATALOG_COMPILER_GLOBAL_ACCENT_COLOR_NAME = AccentColor;
				CODE_SIGN_STYLE = Automatic;
				INFOPLIST_FILE = ActiveMenu/Info.plist;
				LD_RUNPATH_SEARCH_PATHS = (
					"$(inherited)",
					"@executable_path/Frameworks",
				);
				PRODUCT_BUNDLE_IDENTIFIER = com.example.ActiveMenu;
				PRODUCT_NAME = "$(TARGET_NAME)";
				SWIFT_VERSION = 5.0;
				TARGETED_DEVICE_FAMILY = "1,2";
			};
			name = Debug;
		};
		0B35922126215B8F009B8F36 /* Release */ = {
			isa = XCBuildConfiguration;
			buildSettings = {
				ASSETCATALOG_COMPILER_APPICON_NAME = AppIcon;
				ASSETCATALOG_COMPILER_GLOBAL_ACCENT_COLOR_NAME = AccentColor;
				CODE_SIGN_STYLE = Automatic;
				INFOPLIST_FILE = ActiveMenu/Info.plist;
				LD_RUNPATH_SEARCH_PATHS = (
					"$(inherited)",
					"@executable_path/Frameworks",
				);
				PRODUCT_BUNDLE_IDENTIFIER = com.example.ActiveMenu;
				PRODUCT_NAME = "$(TARGET_NAME)";
				SWIFT_VERSION = 5.0;
				TARGETED_DEVICE_FAMILY = "1,2";
			};
			name = Release;
		};
/* End XCBuildConfiguration section */

/* Begin XCConfigurationList section */
		0B35920326215B8E009B8F36 /* Build configuration list for PBXProject "ActiveMenu" */ = {
			isa = XCConfigurationList;
			buildConfigurations = (
				0B35921D26215B8F009B8F36 /* Debug */,
				0B35921E26215B8F009B8F36 /* Release */,
			);
			defaultConfigurationIsVisible = 0;
			defaultConfigurationName = Release;
		};
		0B35921F26215B8F009B8F36 /* Build configuration list for PBXNativeTarget "ActiveMenu" */ = {
			isa = XCConfigurationList;
			buildConfigurations = (
				0B35922026215B8F009B8F36 /* Debug */,
				0B35922126215B8F009B8F36 /* Release */,
			);
			defaultConfigurationIsVisible = 0;
			defaultConfigurationName = Release;
		};
/* End XCConfigurationList section */

/* Begin XCVersionGroup section */
		0B35921426215B8E009B8F36 /* ActiveMenu.xcdatamodeld */ = {
			isa = XCVersionGroup;
			children = (
				0B35921526215B8E009B8F36 /* ActiveMenu.xcdatamodel */,
			);
			currentVersion = 0B35921526215B8E009B8F36 /* ActiveMenu.xcdatamodel */;
			path = ActiveMenu.xcdatamodeld;
			sourceTree = "<group>";
			versionGroupType = wrapper.xcdatamodel;
		};
/* End XCVersionGroup section */
	};
	rootObject = 0B35920026215B8E009B8F36 /* Project object */;
}
