// !$*UTF8*$!
{
	archiveVersion = 1;
	classes = {
	};
	objectVersion = 50;
	objects = {

/* Begin PBXBuildFile section */
		0BCA3FDE264E0B2900BD3E49 /* AppDelegate.swift in Sources */ = {isa = PBXBuildFile; fileRef = 0BCA3FDD264E0B2900BD3E49 /* AppDelegate.swift */; };
		0BCA3FE0264E0B2900BD3E49 /* SceneDelegate.swift in Sources */ = {isa = PBXBuildFile; fileRef = 0BCA3FDF264E0B2900BD3E49 /* SceneDelegate.swift */; };
		0BCA3FE2264E0B2900BD3E49 /* ViewController.swift in Sources */ = {isa = PBXBuildFile; fileRef = 0BCA3FE1264E0B2900BD3E49 /* ViewController.swift */; };
		0BCA3FE5264E0B2900BD3E49 /* Main.storyboard in Resources */ = {isa = PBXBuildFile; fileRef = 0BCA3FE3264E0B2900BD3E49 /* Main.storyboard */; };
		0BCA3FE8264E0B2900BD3E49 /* Notification.xcdatamodeld in Sources */ = {isa = PBXBuildFile; fileRef = 0BCA3FE6264E0B2900BD3E49 /* Notification.xcdatamodeld */; };
		0BCA3FEA264E0B2900BD3E49 /* Assets.xcassets in Resources */ = {isa = PBXBuildFile; fileRef = 0BCA3FE9264E0B2900BD3E49 /* Assets.xcassets */; };
		0BCA3FED264E0B2900BD3E49 /* LaunchScreen.storyboard in Resources */ = {isa = PBXBuildFile; fileRef = 0BCA3FEB264E0B2900BD3E49 /* LaunchScreen.storyboard */; };
		0BCA3FF7264E0E0600BD3E49 /* clock.jpg in Resources */ = {isa = PBXBuildFile; fileRef = 0BCA3FF6264E0E0600BD3E49 /* clock.jpg */; };
/* End PBXBuildFile section */

/* Begin PBXFileReference section */
		0BCA3FDA264E0B2900BD3E49 /* Notification.app */ = {isa = PBXFileReference; explicitFileType = wrapper.application; includeInIndex = 0; path = Notification.app; sourceTree = BUILT_PRODUCTS_DIR; };
		0BCA3FDD264E0B2900BD3E49 /* AppDelegate.swift */ = {isa = PBXFileReference; lastKnownFileType = sourcecode.swift; path = AppDelegate.swift; sourceTree = "<group>"; };
		0BCA3FDF264E0B2900BD3E49 /* SceneDelegate.swift */ = {isa = PBXFileReference; lastKnownFileType = sourcecode.swift; path = SceneDelegate.swift; sourceTree = "<group>"; };
		0BCA3FE1264E0B2900BD3E49 /* ViewController.swift */ = {isa = PBXFileReference; lastKnownFileType = sourcecode.swift; path = ViewController.swift; sourceTree = "<group>"; };
		0BCA3FE4264E0B2900BD3E49 /* Base */ = {isa = PBXFileReference; lastKnownFileType = file.storyboard; name = Base; path = Base.lproj/Main.storyboard; sourceTree = "<group>"; };
		0BCA3FE7264E0B2900BD3E49 /* Notification.xcdatamodel */ = {isa = PBXFileReference; lastKnownFileType = wrapper.xcdatamodel; path = Notification.xcdatamodel; sourceTree = "<group>"; };
		0BCA3FE9264E0B2900BD3E49 /* Assets.xcassets */ = {isa = PBXFileReference; lastKnownFileType = folder.assetcatalog; path = Assets.xcassets; sourceTree = "<group>"; };
		0BCA3FEC264E0B2900BD3E49 /* Base */ = {isa = PBXFileReference; lastKnownFileType = file.storyboard; name = Base; path = Base.lproj/LaunchScreen.storyboard; sourceTree = "<group>"; };
		0BCA3FEE264E0B2900BD3E49 /* Info.plist */ = {isa = PBXFileReference; lastKnownFileType = text.plist.xml; path = Info.plist; sourceTree = "<group>"; };
		0BCA3FF6264E0E0600BD3E49 /* clock.jpg */ = {isa = PBXFileReference; lastKnownFileType = image.jpeg; path = clock.jpg; sourceTree = "<group>"; };
/* End PBXFileReference section */

/* Begin PBXFrameworksBuildPhase section */
		0BCA3FD7264E0B2900BD3E49 /* Frameworks */ = {
			isa = PBXFrameworksBuildPhase;
			buildActionMask = 2147483647;
			files = (
			);
			runOnlyForDeploymentPostprocessing = 0;
		};
/* End PBXFrameworksBuildPhase section */

/* Begin PBXGroup section */
		0BCA3FD1264E0B2900BD3E49 = {
			isa = PBXGroup;
			children = (
				0BCA3FDC264E0B2900BD3E49 /* Notification */,
				0BCA3FDB264E0B2900BD3E49 /* Products */,
			);
			sourceTree = "<group>";
		};
		0BCA3FDB264E0B2900BD3E49 /* Products */ = {
			isa = PBXGroup;
			children = (
				0BCA3FDA264E0B2900BD3E49 /* Notification.app */,
			);
			name = Products;
			sourceTree = "<group>";
		};
		0BCA3FDC264E0B2900BD3E49 /* Notification */ = {
			isa = PBXGroup;
			children = (
				0BCA3FF6264E0E0600BD3E49 /* clock.jpg */,
				0BCA3FDD264E0B2900BD3E49 /* AppDelegate.swift */,
				0BCA3FDF264E0B2900BD3E49 /* SceneDelegate.swift */,
				0BCA3FE1264E0B2900BD3E49 /* ViewController.swift */,
				0BCA3FE3264E0B2900BD3E49 /* Main.storyboard */,
				0BCA3FE9264E0B2900BD3E49 /* Assets.xcassets */,
				0BCA3FEB264E0B2900BD3E49 /* LaunchScreen.storyboard */,
				0BCA3FEE264E0B2900BD3E49 /* Info.plist */,
				0BCA3FE6264E0B2900BD3E49 /* Notification.xcdatamodeld */,
			);
			path = Notification;
			sourceTree = "<group>";
		};
/* End PBXGroup section */

/* Begin PBXNativeTarget section */
		0BCA3FD9264E0B2900BD3E49 /* Notification */ = {
			isa = PBXNativeTarget;
			buildConfigurationList = 0BCA3FF1264E0B2900BD3E49 /* Build configuration list for PBXNativeTarget "Notification" */;
			buildPhases = (
				0BCA3FD6264E0B2900BD3E49 /* Sources */,
				0BCA3FD7264E0B2900BD3E49 /* Frameworks */,
				0BCA3FD8264E0B2900BD3E49 /* Resources */,
			);
			buildRules = (
			);
			dependencies = (
			);
			name = Notification;
			productName = Notification;
			productReference = 0BCA3FDA264E0B2900BD3E49 /* Notification.app */;
			productType = "com.apple.product-type.application";
		};
/* End PBXNativeTarget section */

/* Begin PBXProject section */
		0BCA3FD2264E0B2900BD3E49 /* Project object */ = {
			isa = PBXProject;
			attributes = {
				LastSwiftUpdateCheck = 1240;
				LastUpgradeCheck = 1240;
				TargetAttributes = {
					0BCA3FD9264E0B2900BD3E49 = {
						CreatedOnToolsVersion = 12.4;
					};
				};
			};
			buildConfigurationList = 0BCA3FD5264E0B2900BD3E49 /* Build configuration list for PBXProject "Notification" */;
			compatibilityVersion = "Xcode 9.3";
			developmentRegion = en;
			hasScannedForEncodings = 0;
			knownRegions = (
				en,
				Base,
			);
			mainGroup = 0BCA3FD1264E0B2900BD3E49;
			productRefGroup = 0BCA3FDB264E0B2900BD3E49 /* Products */;
			projectDirPath = "";
			projectRoot = "";
			targets = (
				0BCA3FD9264E0B2900BD3E49 /* Notification */,
			);
		};
/* End PBXProject section */

/* Begin PBXResourcesBuildPhase section */
		0BCA3FD8264E0B2900BD3E49 /* Resources */ = {
			isa = PBXResourcesBuildPhase;
			buildActionMask = 2147483647;
			files = (
				0BCA3FF7264E0E0600BD3E49 /* clock.jpg in Resources */,
				0BCA3FED264E0B2900BD3E49 /* LaunchScreen.storyboard in Resources */,
				0BCA3FEA264E0B2900BD3E49 /* Assets.xcassets in Resources */,
				0BCA3FE5264E0B2900BD3E49 /* Main.storyboard in Resources */,
			);
			runOnlyForDeploymentPostprocessing = 0;
		};
/* End PBXResourcesBuildPhase section */

/* Begin PBXSourcesBuildPhase section */
		0BCA3FD6264E0B2900BD3E49 /* Sources */ = {
			isa = PBXSourcesBuildPhase;
			buildActionMask = 2147483647;
			files = (
				0BCA3FE8264E0B2900BD3E49 /* Notification.xcdatamodeld in Sources */,
				0BCA3FE2264E0B2900BD3E49 /* ViewController.swift in Sources */,
				0BCA3FDE264E0B2900BD3E49 /* AppDelegate.swift in Sources */,
				0BCA3FE0264E0B2900BD3E49 /* SceneDelegate.swift in Sources */,
			);
			runOnlyForDeploymentPostprocessing = 0;
		};
/* End PBXSourcesBuildPhase section */

/* Begin PBXVariantGroup section */
		0BCA3FE3264E0B2900BD3E49 /* Main.storyboard */ = {
			isa = PBXVariantGroup;
			children = (
				0BCA3FE4264E0B2900BD3E49 /* Base */,
			);
			name = Main.storyboard;
			sourceTree = "<group>";
		};
		0BCA3FEB264E0B2900BD3E49 /* LaunchScreen.storyboard */ = {
			isa = PBXVariantGroup;
			children = (
				0BCA3FEC264E0B2900BD3E49 /* Base */,
			);
			name = LaunchScreen.storyboard;
			sourceTree = "<group>";
		};
/* End PBXVariantGroup section */

/* Begin XCBuildConfiguration section */
		0BCA3FEF264E0B2900BD3E49 /* Debug */ = {
			isa = XCBuildConfiguration;
			buildSettings = {
				ALWAYS_SEARCH_USER_PATHS = NO;
				CLANG_ANALYZER_NONNULL = YES;
				CLANG_ANALYZER_NUMBER_OBJECT_CONVERSION = YES_AGGRESSIVE;
				CLANG_CXX_LANGUAGE_STANDARD = "gnu++14";
				CLANG_CXX_LIBRARY = "libc++";
				CLANG_ENABLE_MODULES = YES;
				CLANG_ENABLE_OBJC_ARC = YES;
				CLANG_ENABLE_OBJC_WEAK = YES;
				CLANG_WARN_BLOCK_CAPTURE_AUTORELEASING = YES;
				CLANG_WARN_BOOL_CONVERSION = YES;
				CLANG_WARN_COMMA = YES;
				CLANG_WARN_CONSTANT_CONVERSION = YES;
				CLANG_WARN_DEPRECATED_OBJC_IMPLEMENTATIONS = YES;
				CLANG_WARN_DIRECT_OBJC_ISA_USAGE = YES_ERROR;
				CLANG_WARN_DOCUMENTATION_COMMENTS = YES;
				CLANG_WARN_EMPTY_BODY = YES;
				CLANG_WARN_ENUM_CONVERSION = YES;
				CLANG_WARN_INFINITE_RECURSION = YES;
				CLANG_WARN_INT_CONVERSION = YES;
				CLANG_WARN_NON_LITERAL_NULL_CONVERSION = YES;
				CLANG_WARN_OBJC_IMPLICIT_RETAIN_SELF = YES;
				CLANG_WARN_OBJC_LITERAL_CONVERSION = YES;
				CLANG_WARN_OBJC_ROOT_CLASS = YES_ERROR;
				CLANG_WARN_QUOTED_INCLUDE_IN_FRAMEWORK_HEADER = YES;
				CLANG_WARN_RANGE_LOOP_ANALYSIS = YES;
				CLANG_WARN_STRICT_PROTOTYPES = YES;
				CLANG_WARN_SUSPICIOUS_MOVE = YES;
				CLANG_WARN_UNGUARDED_AVAILABILITY = YES_AGGRESSIVE;
				CLANG_WARN_UNREACHABLE_CODE = YES;
				CLANG_WARN__DUPLICATE_METHOD_MATCH = YES;
				COPY_PHASE_STRIP = NO;
				DEBUG_INFORMATION_FORMAT = dwarf;
				ENABLE_STRICT_OBJC_MSGSEND = YES;
				ENABLE_TESTABILITY = YES;
				GCC_C_LANGUAGE_STANDARD = gnu11;
				GCC_DYNAMIC_NO_PIC = NO;
				GCC_NO_COMMON_BLOCKS = YES;
				GCC_OPTIMIZATION_LEVEL = 0;
				GCC_PREPROCESSOR_DEFINITIONS = (
					"DEBUG=1",
					"$(inherited)",
				);
				GCC_WARN_64_TO_32_BIT_CONVERSION = YES;
				GCC_WARN_ABOUT_RETURN_TYPE = YES_ERROR;
				GCC_WARN_UNDECLARED_SELECTOR = YES;
				GCC_WARN_UNINITIALIZED_AUTOS = YES_AGGRESSIVE;
				GCC_WARN_UNUSED_FUNCTION = YES;
				GCC_WARN_UNUSED_VARIABLE = YES;
				IPHONEOS_DEPLOYMENT_TARGET = 14.4;
				MTL_ENABLE_DEBUG_INFO = INCLUDE_SOURCE;
				MTL_FAST_MATH = YES;
				ONLY_ACTIVE_ARCH = YES;
				SDKROOT = iphoneos;
				SWIFT_ACTIVE_COMPILATION_CONDITIONS = DEBUG;
				SWIFT_OPTIMIZATION_LEVEL = "-Onone";
			};
			name = Debug;
		};
		0BCA3FF0264E0B2900BD3E49 /* Release */ = {
			isa = XCBuildConfiguration;
			buildSettings = {
				ALWAYS_SEARCH_USER_PATHS = NO;
				CLANG_ANALYZER_NONNULL = YES;
				CLANG_ANALYZER_NUMBER_OBJECT_CONVERSION = YES_AGGRESSIVE;
				CLANG_CXX_LANGUAGE_STANDARD = "gnu++14";
				CLANG_CXX_LIBRARY = "libc++";
				CLANG_ENABLE_MODULES = YES;
				CLANG_ENABLE_OBJC_ARC = YES;
				CLANG_ENABLE_OBJC_WEAK = YES;
				CLANG_WARN_BLOCK_CAPTURE_AUTORELEASING = YES;
				CLANG_WARN_BOOL_CONVERSION = YES;
				CLANG_WARN_COMMA = YES;
				CLANG_WARN_CONSTANT_CONVERSION = YES;
				CLANG_WARN_DEPRECATED_OBJC_IMPLEMENTATIONS = YES;
				CLANG_WARN_DIRECT_OBJC_ISA_USAGE = YES_ERROR;
				CLANG_WARN_DOCUMENTATION_COMMENTS = YES;
				CLANG_WARN_EMPTY_BODY = YES;
				CLANG_WARN_ENUM_CONVERSION = YES;
				CLANG_WARN_INFINITE_RECURSION = YES;
				CLANG_WARN_INT_CONVERSION = YES;
				CLANG_WARN_NON_LITERAL_NULL_CONVERSION = YES;
				CLANG_WARN_OBJC_IMPLICIT_RETAIN_SELF = YES;
				CLANG_WARN_OBJC_LITERAL_CONVERSION = YES;
				CLANG_WARN_OBJC_ROOT_CLASS = YES_ERROR;
				CLANG_WARN_QUOTED_INCLUDE_IN_FRAMEWORK_HEADER = YES;
				CLANG_WARN_RANGE_LOOP_ANALYSIS = YES;
				CLANG_WARN_STRICT_PROTOTYPES = YES;
				CLANG_WARN_SUSPICIOUS_MOVE = YES;
				CLANG_WARN_UNGUARDED_AVAILABILITY = YES_AGGRESSIVE;
				CLANG_WARN_UNREACHABLE_CODE = YES;
				CLANG_WARN__DUPLICATE_METHOD_MATCH = YES;
				COPY_PHASE_STRIP = NO;
				DEBUG_INFORMATION_FORMAT = "dwarf-with-dsym";
				ENABLE_NS_ASSERTIONS = NO;
				ENABLE_STRICT_OBJC_MSGSEND = YES;
				GCC_C_LANGUAGE_STANDARD = gnu11;
				GCC_NO_COMMON_BLOCKS = YES;
				GCC_WARN_64_TO_32_BIT_CONVERSION = YES;
				GCC_WARN_ABOUT_RETURN_TYPE = YES_ERROR;
				GCC_WARN_UNDECLARED_SELECTOR = YES;
				GCC_WARN_UNINITIALIZED_AUTOS = YES_AGGRESSIVE;
				GCC_WARN_UNUSED_FUNCTION = YES;
				GCC_WARN_UNUSED_VARIABLE = YES;
				IPHONEOS_DEPLOYMENT_TARGET = 14.4;
				MTL_ENABLE_DEBUG_INFO = NO;
				MTL_FAST_MATH = YES;
				SDKROOT = iphoneos;
				SWIFT_COMPILATION_MODE = wholemodule;
				SWIFT_OPTIMIZATION_LEVEL = "-O";
				VALIDATE_PRODUCT = YES;
			};
			name = Release;
		};
		0BCA3FF2264E0B2900BD3E49 /* Debug */ = {
			isa = XCBuildConfiguration;
			buildSettings = {
				ASSETCATALOG_COMPILER_APPICON_NAME = AppIcon;
				ASSETCATALOG_COMPILER_GLOBAL_ACCENT_COLOR_NAME = AccentColor;
				CODE_SIGN_STYLE = Automatic;
				INFOPLIST_FILE = Notification/Info.plist;
				LD_RUNPATH_SEARCH_PATHS = (
					"$(inherited)",
					"@executable_path/Frameworks",
				);
				PRODUCT_BUNDLE_IDENTIFIER = com.example.Notification;
				PRODUCT_NAME = "$(TARGET_NAME)";
				SWIFT_VERSION = 5.0;
				TARGETED_DEVICE_FAMILY = "1,2";
			};
			name = Debug;
		};
		0BCA3FF3264E0B2900BD3E49 /* Release */ = {
			isa = XCBuildConfiguration;
			buildSettings = {
				ASSETCATALOG_COMPILER_APPICON_NAME = AppIcon;
				ASSETCATALOG_COMPILER_GLOBAL_ACCENT_COLOR_NAME = AccentColor;
				CODE_SIGN_STYLE = Automatic;
				INFOPLIST_FILE = Notification/Info.plist;
				LD_RUNPATH_SEARCH_PATHS = (
					"$(inherited)",
					"@executable_path/Frameworks",
				);
				PRODUCT_BUNDLE_IDENTIFIER = com.example.Notification;
				PRODUCT_NAME = "$(TARGET_NAME)";
				SWIFT_VERSION = 5.0;
				TARGETED_DEVICE_FAMILY = "1,2";
			};
			name = Release;
		};
/* End XCBuildConfiguration section */

/* Begin XCConfigurationList section */
		0BCA3FD5264E0B2900BD3E49 /* Build configuration list for PBXProject "Notification" */ = {
			isa = XCConfigurationList;
			buildConfigurations = (
				0BCA3FEF264E0B2900BD3E49 /* Debug */,
				0BCA3FF0264E0B2900BD3E49 /* Release */,
			);
			defaultConfigurationIsVisible = 0;
			defaultConfigurationName = Release;
		};
		0BCA3FF1264E0B2900BD3E49 /* Build configuration list for PBXNativeTarget "Notification" */ = {
			isa = XCConfigurationList;
			buildConfigurations = (
				0BCA3FF2264E0B2900BD3E49 /* Debug */,
				0BCA3FF3264E0B2900BD3E49 /* Release */,
			);
			defaultConfigurationIsVisible = 0;
			defaultConfigurationName = Release;
		};
/* End XCConfigurationList section */

/* Begin XCVersionGroup section */
		0BCA3FE6264E0B2900BD3E49 /* Notification.xcdatamodeld */ = {
			isa = XCVersionGroup;
			children = (
				0BCA3FE7264E0B2900BD3E49 /* Notification.xcdatamodel */,
			);
			currentVersion = 0BCA3FE7264E0B2900BD3E49 /* Notification.xcdatamodel */;
			path = Notification.xcdatamodeld;
			sourceTree = "<group>";
			versionGroupType = wrapper.xcdatamodel;
		};
/* End XCVersionGroup section */
	};
	rootObject = 0BCA3FD2264E0B2900BD3E49 /* Project object */;
}
